
Microsoft Visual Studio Solution File, Format Version 12.00
# Visual Studio 15
VisualStudioVersion = 15.0.27428.2027
MinimumVisualStudioVersion = 10.0.40219.1
Project("{FAE04EC0-301F-11D3-BF4B-00C04F79EFBC}") = "FlightDelayPredictor.AccordTree", "FlightDelayPredictor.AccordTree\FlightDelayPredictor.AccordTree.csproj", "{3657D52D-755A-4648-A6EA-1074727C2EE6}"
EndProject
Global
	GlobalSection(SolutionConfigurationPlatforms) = preSolution
		Debug|Any CPU = Debug|Any CPU
		Release|Any CPU = Release|Any CPU
	EndGlobalSection
	GlobalSection(ProjectConfigurationPlatforms) = postSolution
		{3657D52D-755A-4648-A6EA-1074727C2EE6}.Debug|Any CPU.ActiveCfg = Debug|Any CPU
		{3657D52D-755A-4648-A6EA-1074727C2EE6}.Debug|Any CPU.Build.0 = Debug|Any CPU
		{3657D52D-755A-4648-A6EA-1074727C2EE6}.Release|Any CPU.ActiveCfg = Release|Any CPU
		{3657D52D-755A-4648-A6EA-1074727C2EE6}.Release|Any CPU.Build.0 = Release|Any CPU
	EndGlobalSection
	GlobalSection(SolutionProperties) = preSolution
		HideSolutionNode = FALSE
	EndGlobalSection
	GlobalSection(ExtensibilityGlobals) = postSolution
		SolutionGuid = {ED0315E8-2D77-45D7-97A9-BCDF40D466B6}
	EndGlobalSection
EndGlobal
